
Microsoft Visual Studio Solution File, Format Version 12.00
# Visual Studio 15
VisualStudioVersion = 15.0.28307.329
MinimumVisualStudioVersion = 10.0.40219.1
Project("{8BC9CEB8-8B4A-11D0-8D11-00A0C91BC942}") = "cpp", "cpp.vcxproj", "{5007C5BA-722E-4568-87E7-7FE90776EEC4}"
EndProject
Global
	GlobalSection(SolutionConfigurationPlatforms) = preSolution
		Debug|x64 = Debug|x64
		Debug|x86 = Debug|x86
		Release|x64 = Release|x64
		Release|x86 = Release|x86
	EndGlobalSection
	GlobalSection(ProjectConfigurationPlatforms) = postSolution
		{5007C5BA-722E-4568-87E7-7FE90776EEC4}.Debug|x64.ActiveCfg = Debug|x64
		{5007C5BA-722E-4568-87E7-7FE90776EEC4}.Debug|x64.Build.0 = Debug|x64
		{5007C5BA-722E-4568-87E7-7FE90776EEC4}.Debug|x86.ActiveCfg = Debug|Win32
		{5007C5BA-722E-4568-87E7-7FE90776EEC4}.Debug|x86.Build.0 = Debug|Win32
		{5007C5BA-722E-4568-87E7-7FE90776EEC4}.Release|x64.ActiveCfg = Release|x64
		{5007C5BA-722E-4568-87E7-7FE90776EEC4}.Release|x64.Build.0 = Release|x64
		{5007C5BA-722E-4568-87E7-7FE90776EEC4}.Release|x86.ActiveCfg = Release|Win32
		{5007C5BA-722E-4568-87E7-7FE90776EEC4}.Release|x86.Build.0 = Release|Win32
	EndGlobalSection
	GlobalSection(SolutionProperties) = preSolution
		HideSolutionNode = FALSE
	EndGlobalSection
	GlobalSection(ExtensibilityGlobals) = postSolution
		SolutionGuid = {053E45DE-6AC4-469E-AE63-CDF3EACF33FF}
	EndGlobalSection
EndGlobal
